// !$*UTF8*$!
{
	archiveVersion = 1;
	classes = {
	};
	objectVersion = 46;
	objects = {

/* Begin PBXAggregateTarget section */
		11CF9B3B1925F06B00D5A222 /* Mogenerator */ = {
			isa = PBXAggregateTarget;
			buildConfigurationList = 11CF9B3C1925F06B00D5A222 /* Build configuration list for PBXAggregateTarget "Mogenerator" */;
			buildPhases = (
				11CF9B3F1925F07D00D5A222 /* ShellScript */,
			);
			dependencies = (
			);
			name = Mogenerator;
			productName = Mogenerator;
		};
/* End PBXAggregateTarget section */

/* Begin PBXBuildFile section */
		000EBE49ED2D43608DCEE8D8 /* libPods.a in Frameworks */ = {isa = PBXBuildFile; fileRef = 29A57B7A96D44A65BC658B86 /* libPods.a */; };
		114B0C68191B5B2B00155104 /* Foundation.framework in Frameworks */ = {isa = PBXBuildFile; fileRef = 114B0C67191B5B2B00155104 /* Foundation.framework */; };
		114B0C6A191B5B2B00155104 /* CoreGraphics.framework in Frameworks */ = {isa = PBXBuildFile; fileRef = 114B0C69191B5B2B00155104 /* CoreGraphics.framework */; };
		114B0C6C191B5B2B00155104 /* UIKit.framework in Frameworks */ = {isa = PBXBuildFile; fileRef = 114B0C6B191B5B2B00155104 /* UIKit.framework */; };
		114B0C6E191B5B2B00155104 /* CoreData.framework in Frameworks */ = {isa = PBXBuildFile; fileRef = 114B0C6D191B5B2B00155104 /* CoreData.framework */; };
		114B0C74191B5B2B00155104 /* InfoPlist.strings in Resources */ = {isa = PBXBuildFile; fileRef = 114B0C72191B5B2B00155104 /* InfoPlist.strings */; };
		114B0C76191B5B2B00155104 /* main.m in Sources */ = {isa = PBXBuildFile; fileRef = 114B0C75191B5B2B00155104 /* main.m */; };
		114B0C7A191B5B2B00155104 /* NCBAppDelegate.m in Sources */ = {isa = PBXBuildFile; fileRef = 114B0C79191B5B2B00155104 /* NCBAppDelegate.m */; };
		114B0C7D191B5B2B00155104 /* Caretaker_Coordinator.xcdatamodeld in Sources */ = {isa = PBXBuildFile; fileRef = 114B0C7B191B5B2B00155104 /* Caretaker_Coordinator.xcdatamodeld */; };
		114B0C7F191B5B2B00155104 /* Images.xcassets in Resources */ = {isa = PBXBuildFile; fileRef = 114B0C7E191B5B2B00155104 /* Images.xcassets */; };
		114B0C86191B5B2B00155104 /* XCTest.framework in Frameworks */ = {isa = PBXBuildFile; fileRef = 114B0C85191B5B2B00155104 /* XCTest.framework */; };
		114B0C87191B5B2B00155104 /* Foundation.framework in Frameworks */ = {isa = PBXBuildFile; fileRef = 114B0C67191B5B2B00155104 /* Foundation.framework */; };
		114B0C88191B5B2B00155104 /* UIKit.framework in Frameworks */ = {isa = PBXBuildFile; fileRef = 114B0C6B191B5B2B00155104 /* UIKit.framework */; };
		114B0C89191B5B2B00155104 /* CoreData.framework in Frameworks */ = {isa = PBXBuildFile; fileRef = 114B0C6D191B5B2B00155104 /* CoreData.framework */; };
		114B0C91191B5B2B00155104 /* InfoPlist.strings in Resources */ = {isa = PBXBuildFile; fileRef = 114B0C8F191B5B2B00155104 /* InfoPlist.strings */; };
		114B0C93191B5B2B00155104 /* Caretaker_CoordinatorTests.m in Sources */ = {isa = PBXBuildFile; fileRef = 114B0C92191B5B2B00155104 /* Caretaker_CoordinatorTests.m */; };
		1177AA51193E53BF006C119B /* NCBTabViewController.m in Sources */ = {isa = PBXBuildFile; fileRef = 1177AA50193E53BF006C119B /* NCBTabViewController.m */; };
		1177AAA51947A47A006C119B /* iPhone Storyboard.storyboard in Resources */ = {isa = PBXBuildFile; fileRef = 1177AAA41947A47A006C119B /* iPhone Storyboard.storyboard */; };
		1177AAA91948FDDB006C119B /* NCBDoseCell.m in Sources */ = {isa = PBXBuildFile; fileRef = 1177AAA81948FDDB006C119B /* NCBDoseCell.m */; };
		1177AAAC1948FDEC006C119B /* NCBDoseNeededCell.m in Sources */ = {isa = PBXBuildFile; fileRef = 1177AAAB1948FDEC006C119B /* NCBDoseNeededCell.m */; };
		1177AAAF1948FE0C006C119B /* NCBDoseGivenCell.m in Sources */ = {isa = PBXBuildFile; fileRef = 1177AAAE1948FE0C006C119B /* NCBDoseGivenCell.m */; };
		1177AAB21949000E006C119B /* NCBDoseTableViewController.m in Sources */ = {isa = PBXBuildFile; fileRef = 1177AAB11949000E006C119B /* NCBDoseTableViewController.m */; };
		11CF9B4B1925F17B00D5A222 /* _Caregiver.m in Sources */ = {isa = PBXBuildFile; fileRef = 11CF9B411925F17B00D5A222 /* _Caregiver.m */; };
		11CF9B4C1925F17B00D5A222 /* _Dosed.m in Sources */ = {isa = PBXBuildFile; fileRef = 11CF9B431925F17B00D5A222 /* _Dosed.m */; };
		11CF9B4D1925F17B00D5A222 /* _Medicine.m in Sources */ = {isa = PBXBuildFile; fileRef = 11CF9B451925F17B00D5A222 /* _Medicine.m */; };
		11CF9B4E1925F17B00D5A222 /* _Patient.m in Sources */ = {isa = PBXBuildFile; fileRef = 11CF9B471925F17B00D5A222 /* _Patient.m */; };
		11CF9B4F1925F17B00D5A222 /* Caregiver.m in Sources */ = {isa = PBXBuildFile; fileRef = 11CF9B491925F17B00D5A222 /* Caregiver.m */; };
		11CF9B551925F19C00D5A222 /* Dosed.m in Sources */ = {isa = PBXBuildFile; fileRef = 11CF9B501925F19C00D5A222 /* Dosed.m */; };
		11CF9B561925F19C00D5A222 /* Medicine.m in Sources */ = {isa = PBXBuildFile; fileRef = 11CF9B521925F19C00D5A222 /* Medicine.m */; };
		11CF9B571925F19C00D5A222 /* Patient.m in Sources */ = {isa = PBXBuildFile; fileRef = 11CF9B541925F19C00D5A222 /* Patient.m */; };
/* End PBXBuildFile section */

/* Begin PBXContainerItemProxy section */
		114B0C8A191B5B2B00155104 /* PBXContainerItemProxy */ = {
			isa = PBXContainerItemProxy;
			containerPortal = 114B0C5C191B5B2B00155104 /* Project object */;
			proxyType = 1;
			remoteGlobalIDString = 114B0C63191B5B2B00155104;
			remoteInfo = "Caretaker Coordinator";
		};
/* End PBXContainerItemProxy section */

/* Begin PBXFileReference section */
		114B0C64191B5B2B00155104 /* Caregiver Coordinator.app */ = {isa = PBXFileReference; explicitFileType = wrapper.application; includeInIndex = 0; path = "Caregiver Coordinator.app"; sourceTree = BUILT_PRODUCTS_DIR; };
		114B0C67191B5B2B00155104 /* Foundation.framework */ = {isa = PBXFileReference; lastKnownFileType = wrapper.framework; name = Foundation.framework; path = System/Library/Frameworks/Foundation.framework; sourceTree = SDKROOT; };
		114B0C69191B5B2B00155104 /* CoreGraphics.framework */ = {isa = PBXFileReference; lastKnownFileType = wrapper.framework; name = CoreGraphics.framework; path = System/Library/Frameworks/CoreGraphics.framework; sourceTree = SDKROOT; };
		114B0C6B191B5B2B00155104 /* UIKit.framework */ = {isa = PBXFileReference; lastKnownFileType = wrapper.framework; name = UIKit.framework; path = System/Library/Frameworks/UIKit.framework; sourceTree = SDKROOT; };
		114B0C6D191B5B2B00155104 /* CoreData.framework */ = {isa = PBXFileReference; lastKnownFileType = wrapper.framework; name = CoreData.framework; path = System/Library/Frameworks/CoreData.framework; sourceTree = SDKROOT; };
		114B0C71191B5B2B00155104 /* Caregiver Coordinator-Info.plist */ = {isa = PBXFileReference; lastKnownFileType = text.plist.xml; path = "Caregiver Coordinator-Info.plist"; sourceTree = "<group>"; };
		114B0C73191B5B2B00155104 /* en */ = {isa = PBXFileReference; lastKnownFileType = text.plist.strings; name = en; path = en.lproj/InfoPlist.strings; sourceTree = "<group>"; };
		114B0C75191B5B2B00155104 /* main.m */ = {isa = PBXFileReference; lastKnownFileType = sourcecode.c.objc; path = main.m; sourceTree = "<group>"; };
		114B0C77191B5B2B00155104 /* Caregiver Coordinator-Prefix.pch */ = {isa = PBXFileReference; lastKnownFileType = sourcecode.c.h; path = "Caregiver Coordinator-Prefix.pch"; sourceTree = "<group>"; };
		114B0C78191B5B2B00155104 /* NCBAppDelegate.h */ = {isa = PBXFileReference; lastKnownFileType = sourcecode.c.h; path = NCBAppDelegate.h; sourceTree = "<group>"; };
		114B0C79191B5B2B00155104 /* NCBAppDelegate.m */ = {isa = PBXFileReference; lastKnownFileType = sourcecode.c.objc; path = NCBAppDelegate.m; sourceTree = "<group>"; };
		114B0C7C191B5B2B00155104 /* Caretaker_Coordinator.xcdatamodel */ = {isa = PBXFileReference; lastKnownFileType = wrapper.xcdatamodel; path = Caretaker_Coordinator.xcdatamodel; sourceTree = "<group>"; };
		114B0C7E191B5B2B00155104 /* Images.xcassets */ = {isa = PBXFileReference; lastKnownFileType = folder.assetcatalog; path = Images.xcassets; sourceTree = "<group>"; };
		114B0C84191B5B2B00155104 /* Caregiver CoordinatorTests.xctest */ = {isa = PBXFileReference; explicitFileType = wrapper.cfbundle; includeInIndex = 0; path = "Caregiver CoordinatorTests.xctest"; sourceTree = BUILT_PRODUCTS_DIR; };
		114B0C85191B5B2B00155104 /* XCTest.framework */ = {isa = PBXFileReference; lastKnownFileType = wrapper.framework; name = XCTest.framework; path = Library/Frameworks/XCTest.framework; sourceTree = DEVELOPER_DIR; };
		114B0C8E191B5B2B00155104 /* Caregiver CoordinatorTests-Info.plist */ = {isa = PBXFileReference; lastKnownFileType = text.plist.xml; path = "Caregiver CoordinatorTests-Info.plist"; sourceTree = "<group>"; };
		114B0C90191B5B2B00155104 /* en */ = {isa = PBXFileReference; lastKnownFileType = text.plist.strings; name = en; path = en.lproj/InfoPlist.strings; sourceTree = "<group>"; };
		114B0C92191B5B2B00155104 /* Caretaker_CoordinatorTests.m */ = {isa = PBXFileReference; lastKnownFileType = sourcecode.c.objc; path = Caretaker_CoordinatorTests.m; sourceTree = "<group>"; };
		1177AA4F193E53BF006C119B /* NCBTabViewController.h */ = {isa = PBXFileReference; fileEncoding = 4; lastKnownFileType = sourcecode.c.h; path = NCBTabViewController.h; sourceTree = "<group>"; };
		1177AA50193E53BF006C119B /* NCBTabViewController.m */ = {isa = PBXFileReference; fileEncoding = 4; lastKnownFileType = sourcecode.c.objc; path = NCBTabViewController.m; sourceTree = "<group>"; };
		1177AAA41947A47A006C119B /* iPhone Storyboard.storyboard */ = {isa = PBXFileReference; fileEncoding = 4; lastKnownFileType = file.storyboard; path = "iPhone Storyboard.storyboard"; sourceTree = "<group>"; };
		1177AAA71948FDDB006C119B /* NCBDoseCell.h */ = {isa = PBXFileReference; fileEncoding = 4; lastKnownFileType = sourcecode.c.h; path = NCBDoseCell.h; sourceTree = "<group>"; };
		1177AAA81948FDDB006C119B /* NCBDoseCell.m */ = {isa = PBXFileReference; fileEncoding = 4; lastKnownFileType = sourcecode.c.objc; path = NCBDoseCell.m; sourceTree = "<group>"; };
		1177AAAA1948FDEC006C119B /* NCBDoseNeededCell.h */ = {isa = PBXFileReference; fileEncoding = 4; lastKnownFileType = sourcecode.c.h; path = NCBDoseNeededCell.h; sourceTree = "<group>"; };
		1177AAAB1948FDEC006C119B /* NCBDoseNeededCell.m */ = {isa = PBXFileReference; fileEncoding = 4; lastKnownFileType = sourcecode.c.objc; path = NCBDoseNeededCell.m; sourceTree = "<group>"; };
		1177AAAD1948FE0C006C119B /* NCBDoseGivenCell.h */ = {isa = PBXFileReference; fileEncoding = 4; lastKnownFileType = sourcecode.c.h; path = NCBDoseGivenCell.h; sourceTree = "<group>"; };
		1177AAAE1948FE0C006C119B /* NCBDoseGivenCell.m */ = {isa = PBXFileReference; fileEncoding = 4; lastKnownFileType = sourcecode.c.objc; path = NCBDoseGivenCell.m; sourceTree = "<group>"; };
		1177AAB01949000E006C119B /* NCBDoseTableViewController.h */ = {isa = PBXFileReference; fileEncoding = 4; lastKnownFileType = sourcecode.c.h; path = NCBDoseTableViewController.h; sourceTree = "<group>"; };
		1177AAB11949000E006C119B /* NCBDoseTableViewController.m */ = {isa = PBXFileReference; fileEncoding = 4; lastKnownFileType = sourcecode.c.objc; path = NCBDoseTableViewController.m; sourceTree = "<group>"; };
		11CF9B401925F17B00D5A222 /* _Caregiver.h */ = {isa = PBXFileReference; fileEncoding = 4; lastKnownFileType = sourcecode.c.h; path = _Caregiver.h; sourceTree = "<group>"; };
		11CF9B411925F17B00D5A222 /* _Caregiver.m */ = {isa = PBXFileReference; fileEncoding = 4; lastKnownFileType = sourcecode.c.objc; path = _Caregiver.m; sourceTree = "<group>"; };
		11CF9B421925F17B00D5A222 /* _Dosed.h */ = {isa = PBXFileReference; fileEncoding = 4; lastKnownFileType = sourcecode.c.h; path = _Dosed.h; sourceTree = "<group>"; };
		11CF9B431925F17B00D5A222 /* _Dosed.m */ = {isa = PBXFileReference; fileEncoding = 4; lastKnownFileType = sourcecode.c.objc; path = _Dosed.m; sourceTree = "<group>"; };
		11CF9B441925F17B00D5A222 /* _Medicine.h */ = {isa = PBXFileReference; fileEncoding = 4; lastKnownFileType = sourcecode.c.h; path = _Medicine.h; sourceTree = "<group>"; };
		11CF9B451925F17B00D5A222 /* _Medicine.m */ = {isa = PBXFileReference; fileEncoding = 4; lastKnownFileType = sourcecode.c.objc; path = _Medicine.m; sourceTree = "<group>"; };
		11CF9B461925F17B00D5A222 /* _Patient.h */ = {isa = PBXFileReference; fileEncoding = 4; lastKnownFileType = sourcecode.c.h; path = _Patient.h; sourceTree = "<group>"; };
		11CF9B471925F17B00D5A222 /* _Patient.m */ = {isa = PBXFileReference; fileEncoding = 4; lastKnownFileType = sourcecode.c.objc; path = _Patient.m; sourceTree = "<group>"; };
		11CF9B481925F17B00D5A222 /* Caregiver.h */ = {isa = PBXFileReference; fileEncoding = 4; lastKnownFileType = sourcecode.c.h; path = Caregiver.h; sourceTree = "<group>"; };
		11CF9B491925F17B00D5A222 /* Caregiver.m */ = {isa = PBXFileReference; fileEncoding = 4; lastKnownFileType = sourcecode.c.objc; path = Caregiver.m; sourceTree = "<group>"; };
		11CF9B4A1925F17B00D5A222 /* Dosed.h */ = {isa = PBXFileReference; fileEncoding = 4; lastKnownFileType = sourcecode.c.h; path = Dosed.h; sourceTree = "<group>"; };
		11CF9B501925F19C00D5A222 /* Dosed.m */ = {isa = PBXFileReference; fileEncoding = 4; lastKnownFileType = sourcecode.c.objc; path = Dosed.m; sourceTree = "<group>"; };
		11CF9B511925F19C00D5A222 /* Medicine.h */ = {isa = PBXFileReference; fileEncoding = 4; lastKnownFileType = sourcecode.c.h; path = Medicine.h; sourceTree = "<group>"; };
		11CF9B521925F19C00D5A222 /* Medicine.m */ = {isa = PBXFileReference; fileEncoding = 4; lastKnownFileType = sourcecode.c.objc; path = Medicine.m; sourceTree = "<group>"; };
		11CF9B531925F19C00D5A222 /* Patient.h */ = {isa = PBXFileReference; fileEncoding = 4; lastKnownFileType = sourcecode.c.h; path = Patient.h; sourceTree = "<group>"; };
		11CF9B541925F19C00D5A222 /* Patient.m */ = {isa = PBXFileReference; fileEncoding = 4; lastKnownFileType = sourcecode.c.objc; path = Patient.m; sourceTree = "<group>"; };
		11CF9B591925F1FF00D5A222 /* CaretakerCoordinatorModel.h */ = {isa = PBXFileReference; lastKnownFileType = sourcecode.c.h; path = CaretakerCoordinatorModel.h; sourceTree = "<group>"; };
		29A57B7A96D44A65BC658B86 /* libPods.a */ = {isa = PBXFileReference; explicitFileType = archive.ar; includeInIndex = 0; path = libPods.a; sourceTree = BUILT_PRODUCTS_DIR; };
		946280C1CD374CBFAA5B7565 /* Pods.xcconfig */ = {isa = PBXFileReference; includeInIndex = 1; lastKnownFileType = text.xcconfig; name = Pods.xcconfig; path = Pods/Pods.xcconfig; sourceTree = "<group>"; };
/* End PBXFileReference section */

/* Begin PBXFrameworksBuildPhase section */
		114B0C61191B5B2B00155104 /* Frameworks */ = {
			isa = PBXFrameworksBuildPhase;
			buildActionMask = 2147483647;
			files = (
				114B0C6A191B5B2B00155104 /* CoreGraphics.framework in Frameworks */,
				114B0C6E191B5B2B00155104 /* CoreData.framework in Frameworks */,
				114B0C6C191B5B2B00155104 /* UIKit.framework in Frameworks */,
				114B0C68191B5B2B00155104 /* Foundation.framework in Frameworks */,
				000EBE49ED2D43608DCEE8D8 /* libPods.a in Frameworks */,
			);
			runOnlyForDeploymentPostprocessing = 0;
		};
		114B0C81191B5B2B00155104 /* Frameworks */ = {
			isa = PBXFrameworksBuildPhase;
			buildActionMask = 2147483647;
			files = (
				114B0C86191B5B2B00155104 /* XCTest.framework in Frameworks */,
				114B0C89191B5B2B00155104 /* CoreData.framework in Frameworks */,
				114B0C88191B5B2B00155104 /* UIKit.framework in Frameworks */,
				114B0C87191B5B2B00155104 /* Foundation.framework in Frameworks */,
			);
			runOnlyForDeploymentPostprocessing = 0;
		};
/* End PBXFrameworksBuildPhase section */

/* Begin PBXGroup section */
		114B0C5B191B5B2B00155104 = {
			isa = PBXGroup;
			children = (
				1177AA4E193E4F88006C119B /* View */,
				114B0C6F191B5B2B00155104 /* Caretaker Coordinator */,
				114B0C8C191B5B2B00155104 /* Caretaker CoordinatorTests */,
				114B0C66191B5B2B00155104 /* Frameworks */,
				114B0C65191B5B2B00155104 /* Products */,
				946280C1CD374CBFAA5B7565 /* Pods.xcconfig */,
			);
			sourceTree = "<group>";
		};
		114B0C65191B5B2B00155104 /* Products */ = {
			isa = PBXGroup;
			children = (
				114B0C64191B5B2B00155104 /* Caregiver Coordinator.app */,
				114B0C84191B5B2B00155104 /* Caregiver CoordinatorTests.xctest */,
			);
			name = Products;
			sourceTree = "<group>";
		};
		114B0C66191B5B2B00155104 /* Frameworks */ = {
			isa = PBXGroup;
			children = (
				114B0C67191B5B2B00155104 /* Foundation.framework */,
				114B0C69191B5B2B00155104 /* CoreGraphics.framework */,
				114B0C6B191B5B2B00155104 /* UIKit.framework */,
				114B0C6D191B5B2B00155104 /* CoreData.framework */,
				114B0C85191B5B2B00155104 /* XCTest.framework */,
				29A57B7A96D44A65BC658B86 /* libPods.a */,
			);
			name = Frameworks;
			sourceTree = "<group>";
		};
		114B0C6F191B5B2B00155104 /* Caretaker Coordinator */ = {
			isa = PBXGroup;
			children = (
				114B0C78191B5B2B00155104 /* NCBAppDelegate.h */,
				114B0C79191B5B2B00155104 /* NCBAppDelegate.m */,
				114B0C7E191B5B2B00155104 /* Images.xcassets */,
				114B0C7B191B5B2B00155104 /* Caretaker_Coordinator.xcdatamodeld */,
				11CF9B581925F1B400D5A222 /* Model */,
				114B0C70191B5B2B00155104 /* Supporting Files */,
			);
			path = "Caretaker Coordinator";
			sourceTree = "<group>";
		};
		114B0C70191B5B2B00155104 /* Supporting Files */ = {
			isa = PBXGroup;
			children = (
				114B0C71191B5B2B00155104 /* Caregiver Coordinator-Info.plist */,
				114B0C72191B5B2B00155104 /* InfoPlist.strings */,
				114B0C75191B5B2B00155104 /* main.m */,
				114B0C77191B5B2B00155104 /* Caregiver Coordinator-Prefix.pch */,
			);
			name = "Supporting Files";
			sourceTree = "<group>";
		};
		114B0C8C191B5B2B00155104 /* Caretaker CoordinatorTests */ = {
			isa = PBXGroup;
			children = (
				114B0C92191B5B2B00155104 /* Caretaker_CoordinatorTests.m */,
				114B0C8D191B5B2B00155104 /* Supporting Files */,
			);
			path = "Caretaker CoordinatorTests";
			sourceTree = "<group>";
		};
		114B0C8D191B5B2B00155104 /* Supporting Files */ = {
			isa = PBXGroup;
			children = (
				114B0C8E191B5B2B00155104 /* Caregiver CoordinatorTests-Info.plist */,
				114B0C8F191B5B2B00155104 /* InfoPlist.strings */,
			);
			name = "Supporting Files";
			sourceTree = "<group>";
		};
		1177AA4E193E4F88006C119B /* View */ = {
			isa = PBXGroup;
			children = (
				1177AAA41947A47A006C119B /* iPhone Storyboard.storyboard */,
				1177AA4F193E53BF006C119B /* NCBTabViewController.h */,
				1177AA50193E53BF006C119B /* NCBTabViewController.m */,
				1177AAA61948FDA5006C119B /* Doses */,
			);
			name = View;
			sourceTree = "<group>";
		};
		1177AAA61948FDA5006C119B /* Doses */ = {
			isa = PBXGroup;
			children = (
				1177AAB01949000E006C119B /* NCBDoseTableViewController.h */,
				1177AAB11949000E006C119B /* NCBDoseTableViewController.m */,
				1177AAA71948FDDB006C119B /* NCBDoseCell.h */,
				1177AAA81948FDDB006C119B /* NCBDoseCell.m */,
				1177AAAD1948FE0C006C119B /* NCBDoseGivenCell.h */,
				1177AAAE1948FE0C006C119B /* NCBDoseGivenCell.m */,
				1177AAAA1948FDEC006C119B /* NCBDoseNeededCell.h */,
				1177AAAB1948FDEC006C119B /* NCBDoseNeededCell.m */,
			);
			name = Doses;
			sourceTree = "<group>";
		};
		11CF9B581925F1B400D5A222 /* Model */ = {
			isa = PBXGroup;
			children = (
				11CF9B591925F1FF00D5A222 /* CaretakerCoordinatorModel.h */,
				11CF9B4A1925F17B00D5A222 /* Dosed.h */,
				11CF9B501925F19C00D5A222 /* Dosed.m */,
				11CF9B511925F19C00D5A222 /* Medicine.h */,
				11CF9B521925F19C00D5A222 /* Medicine.m */,
				11CF9B531925F19C00D5A222 /* Patient.h */,
				11CF9B541925F19C00D5A222 /* Patient.m */,
				11CF9B481925F17B00D5A222 /* Caregiver.h */,
				11CF9B491925F17B00D5A222 /* Caregiver.m */,
				11CF9B401925F17B00D5A222 /* _Caregiver.h */,
				11CF9B411925F17B00D5A222 /* _Caregiver.m */,
				11CF9B421925F17B00D5A222 /* _Dosed.h */,
				11CF9B431925F17B00D5A222 /* _Dosed.m */,
				11CF9B441925F17B00D5A222 /* _Medicine.h */,
				11CF9B451925F17B00D5A222 /* _Medicine.m */,
				11CF9B461925F17B00D5A222 /* _Patient.h */,
				11CF9B471925F17B00D5A222 /* _Patient.m */,
			);
			name = Model;
			sourceTree = "<group>";
		};
/* End PBXGroup section */

/* Begin PBXNativeTarget section */
		114B0C63191B5B2B00155104 /* Caregiver Coordinator */ = {
			isa = PBXNativeTarget;
			buildConfigurationList = 114B0C96191B5B2B00155104 /* Build configuration list for PBXNativeTarget "Caregiver Coordinator" */;
			buildPhases = (
				381DE4918FBF46BF80286F74 /* Check Pods Manifest.lock */,
				114B0C60191B5B2B00155104 /* Sources */,
				114B0C61191B5B2B00155104 /* Frameworks */,
				114B0C62191B5B2B00155104 /* Resources */,
				6E394E2AC8E0421A8A813DF1 /* Copy Pods Resources */,
			);
			buildRules = (
			);
			dependencies = (
			);
			name = "Caregiver Coordinator";
			productName = "Caretaker Coordinator";
			productReference = 114B0C64191B5B2B00155104 /* Caregiver Coordinator.app */;
			productType = "com.apple.product-type.application";
		};
		114B0C83191B5B2B00155104 /* Caregiver CoordinatorTests */ = {
			isa = PBXNativeTarget;
			buildConfigurationList = 114B0C99191B5B2B00155104 /* Build configuration list for PBXNativeTarget "Caregiver CoordinatorTests" */;
			buildPhases = (
				114B0C80191B5B2B00155104 /* Sources */,
				114B0C81191B5B2B00155104 /* Frameworks */,
				114B0C82191B5B2B00155104 /* Resources */,
			);
			buildRules = (
			);
			dependencies = (
				114B0C8B191B5B2B00155104 /* PBXTargetDependency */,
			);
			name = "Caregiver CoordinatorTests";
			productName = "Caretaker CoordinatorTests";
			productReference = 114B0C84191B5B2B00155104 /* Caregiver CoordinatorTests.xctest */;
			productType = "com.apple.product-type.bundle.unit-test";
		};
/* End PBXNativeTarget section */

/* Begin PBXProject section */
		114B0C5C191B5B2B00155104 /* Project object */ = {
			isa = PBXProject;
			attributes = {
				CLASSPREFIX = NCB;
				LastUpgradeCheck = 0510;
				ORGANIZATIONNAME = "NMFF Development";
				TargetAttributes = {
					114B0C83191B5B2B00155104 = {
						TestTargetID = 114B0C63191B5B2B00155104;
					};
				};
			};
			buildConfigurationList = 114B0C5F191B5B2B00155104 /* Build configuration list for PBXProject "Caregiver Coordinator" */;
			compatibilityVersion = "Xcode 3.2";
			developmentRegion = English;
			hasScannedForEncodings = 0;
			knownRegions = (
				en,
			);
			mainGroup = 114B0C5B191B5B2B00155104;
			productRefGroup = 114B0C65191B5B2B00155104 /* Products */;
			projectDirPath = "";
			projectRoot = "";
			targets = (
				114B0C63191B5B2B00155104 /* Caregiver Coordinator */,
				114B0C83191B5B2B00155104 /* Caregiver CoordinatorTests */,
				11CF9B3B1925F06B00D5A222 /* Mogenerator */,
			);
		};
/* End PBXProject section */

/* Begin PBXResourcesBuildPhase section */
		114B0C62191B5B2B00155104 /* Resources */ = {
			isa = PBXResourcesBuildPhase;
			buildActionMask = 2147483647;
			files = (
				1177AAA51947A47A006C119B /* iPhone Storyboard.storyboard in Resources */,
				114B0C74191B5B2B00155104 /* InfoPlist.strings in Resources */,
				114B0C7F191B5B2B00155104 /* Images.xcassets in Resources */,
			);
			runOnlyForDeploymentPostprocessing = 0;
		};
		114B0C82191B5B2B00155104 /* Resources */ = {
			isa = PBXResourcesBuildPhase;
			buildActionMask = 2147483647;
			files = (
				114B0C91191B5B2B00155104 /* InfoPlist.strings in Resources */,
			);
			runOnlyForDeploymentPostprocessing = 0;
		};
/* End PBXResourcesBuildPhase section */

/* Begin PBXShellScriptBuildPhase section */
		11CF9B3F1925F07D00D5A222 /* ShellScript */ = {
			isa = PBXShellScriptBuildPhase;
			buildActionMask = 2147483647;
			files = (
			);
			inputPaths = (
			);
			outputPaths = (
			);
			runOnlyForDeploymentPostprocessing = 0;
			shellPath = /bin/sh;
			shellScript = "mogenerator -m Caretaker\\ Coordinator/Caretaker_Coordinator.xcdatamodeld/Caretaker_Coordinator.xcdatamodel -O Caretaker\\ Coordinator --template-var arc=true";
		};
		381DE4918FBF46BF80286F74 /* Check Pods Manifest.lock */ = {
			isa = PBXShellScriptBuildPhase;
			buildActionMask = 2147483647;
			files = (
			);
			inputPaths = (
			);
			name = "Check Pods Manifest.lock";
			outputPaths = (
			);
			runOnlyForDeploymentPostprocessing = 0;
			shellPath = /bin/sh;
			shellScript = "diff \"${PODS_ROOT}/../Podfile.lock\" \"${PODS_ROOT}/Manifest.lock\" > /dev/null\nif [[ $? != 0 ]] ; then\n    cat << EOM\nerror: The sandbox is not in sync with the Podfile.lock. Run 'pod install' or update your CocoaPods installation.\nEOM\n    exit 1\nfi\n";
			showEnvVarsInLog = 0;
		};
		6E394E2AC8E0421A8A813DF1 /* Copy Pods Resources */ = {
			isa = PBXShellScriptBuildPhase;
			buildActionMask = 2147483647;
			files = (
			);
			inputPaths = (
			);
			name = "Copy Pods Resources";
			outputPaths = (
			);
			runOnlyForDeploymentPostprocessing = 0;
			shellPath = /bin/sh;
			shellScript = "\"${SRCROOT}/Pods/Pods-resources.sh\"\n";
			showEnvVarsInLog = 0;
		};
/* End PBXShellScriptBuildPhase section */

/* Begin PBXSourcesBuildPhase section */
		114B0C60191B5B2B00155104 /* Sources */ = {
			isa = PBXSourcesBuildPhase;
			buildActionMask = 2147483647;
			files = (
				114B0C7A191B5B2B00155104 /* NCBAppDelegate.m in Sources */,
				11CF9B4C1925F17B00D5A222 /* _Dosed.m in Sources */,
				11CF9B4E1925F17B00D5A222 /* _Patient.m in Sources */,
				1177AAAC1948FDEC006C119B /* NCBDoseNeededCell.m in Sources */,
				114B0C7D191B5B2B00155104 /* Caretaker_Coordinator.xcdatamodeld in Sources */,
				11CF9B571925F19C00D5A222 /* Patient.m in Sources */,
				11CF9B4D1925F17B00D5A222 /* _Medicine.m in Sources */,
				1177AAAF1948FE0C006C119B /* NCBDoseGivenCell.m in Sources */,
				11CF9B561925F19C00D5A222 /* Medicine.m in Sources */,
				11CF9B4B1925F17B00D5A222 /* _Caregiver.m in Sources */,
				11CF9B551925F19C00D5A222 /* Dosed.m in Sources */,
				11CF9B4F1925F17B00D5A222 /* Caregiver.m in Sources */,
				1177AAB21949000E006C119B /* NCBDoseTableViewController.m in Sources */,
				1177AA51193E53BF006C119B /* NCBTabViewController.m in Sources */,
				114B0C76191B5B2B00155104 /* main.m in Sources */,
				1177AAA91948FDDB006C119B /* NCBDoseCell.m in Sources */,
			);
			runOnlyForDeploymentPostprocessing = 0;
		};
		114B0C80191B5B2B00155104 /* Sources */ = {
			isa = PBXSourcesBuildPhase;
			buildActionMask = 2147483647;
			files = (
				114B0C93191B5B2B00155104 /* Caretaker_CoordinatorTests.m in Sources */,
			);
			runOnlyForDeploymentPostprocessing = 0;
		};
/* End PBXSourcesBuildPhase section */

/* Begin PBXTargetDependency section */
		114B0C8B191B5B2B00155104 /* PBXTargetDependency */ = {
			isa = PBXTargetDependency;
			target = 114B0C63191B5B2B00155104 /* Caregiver Coordinator */;
			targetProxy = 114B0C8A191B5B2B00155104 /* PBXContainerItemProxy */;
		};
/* End PBXTargetDependency section */

/* Begin PBXVariantGroup section */
		114B0C72191B5B2B00155104 /* InfoPlist.strings */ = {
			isa = PBXVariantGroup;
			children = (
				114B0C73191B5B2B00155104 /* en */,
			);
			name = InfoPlist.strings;
			sourceTree = "<group>";
		};
		114B0C8F191B5B2B00155104 /* InfoPlist.strings */ = {
			isa = PBXVariantGroup;
			children = (
				114B0C90191B5B2B00155104 /* en */,
			);
			name = InfoPlist.strings;
			sourceTree = "<group>";
		};
/* End PBXVariantGroup section */

/* Begin XCBuildConfiguration section */
		114B0C94191B5B2B00155104 /* Debug */ = {
			isa = XCBuildConfiguration;
			buildSettings = {
				ALWAYS_SEARCH_USER_PATHS = NO;
				CLANG_CXX_LANGUAGE_STANDARD = "gnu++0x";
				CLANG_CXX_LIBRARY = "libc++";
				CLANG_ENABLE_MODULES = YES;
				CLANG_ENABLE_OBJC_ARC = YES;
				CLANG_WARN_BOOL_CONVERSION = YES;
				CLANG_WARN_CONSTANT_CONVERSION = YES;
				CLANG_WARN_DIRECT_OBJC_ISA_USAGE = YES_ERROR;
				CLANG_WARN_EMPTY_BODY = YES;
				CLANG_WARN_ENUM_CONVERSION = YES;
				CLANG_WARN_INT_CONVERSION = YES;
				CLANG_WARN_OBJC_ROOT_CLASS = YES_ERROR;
				CLANG_WARN__DUPLICATE_METHOD_MATCH = YES;
				"CODE_SIGN_IDENTITY[sdk=iphoneos*]" = "iPhone Developer";
				COPY_PHASE_STRIP = NO;
				GCC_C_LANGUAGE_STANDARD = gnu99;
				GCC_DYNAMIC_NO_PIC = NO;
				GCC_OPTIMIZATION_LEVEL = 0;
				GCC_PREPROCESSOR_DEFINITIONS = (
					"DEBUG=1",
					"$(inherited)",
				);
				GCC_SYMBOLS_PRIVATE_EXTERN = NO;
				GCC_WARN_64_TO_32_BIT_CONVERSION = YES;
				GCC_WARN_ABOUT_RETURN_TYPE = YES_ERROR;
				GCC_WARN_UNDECLARED_SELECTOR = YES;
				GCC_WARN_UNINITIALIZED_AUTOS = YES_AGGRESSIVE;
				GCC_WARN_UNUSED_FUNCTION = YES;
				GCC_WARN_UNUSED_VARIABLE = YES;
				IPHONEOS_DEPLOYMENT_TARGET = 7.1;
				ONLY_ACTIVE_ARCH = YES;
				SDKROOT = iphoneos;
			};
			name = Debug;
		};
		114B0C95191B5B2B00155104 /* Release */ = {
			isa = XCBuildConfiguration;
			buildSettings = {
				ALWAYS_SEARCH_USER_PATHS = NO;
				CLANG_CXX_LANGUAGE_STANDARD = "gnu++0x";
				CLANG_CXX_LIBRARY = "libc++";
				CLANG_ENABLE_MODULES = YES;
				CLANG_ENABLE_OBJC_ARC = YES;
				CLANG_WARN_BOOL_CONVERSION = YES;
				CLANG_WARN_CONSTANT_CONVERSION = YES;
				CLANG_WARN_DIRECT_OBJC_ISA_USAGE = YES_ERROR;
				CLANG_WARN_EMPTY_BODY = YES;
				CLANG_WARN_ENUM_CONVERSION = YES;
				CLANG_WARN_INT_CONVERSION = YES;
				CLANG_WARN_OBJC_ROOT_CLASS = YES_ERROR;
				CLANG_WARN__DUPLICATE_METHOD_MATCH = YES;
				"CODE_SIGN_IDENTITY[sdk=iphoneos*]" = "iPhone Developer";
				COPY_PHASE_STRIP = YES;
				ENABLE_NS_ASSERTIONS = NO;
				GCC_C_LANGUAGE_STANDARD = gnu99;
				GCC_WARN_64_TO_32_BIT_CONVERSION = YES;
				GCC_WARN_ABOUT_RETURN_TYPE = YES_ERROR;
				GCC_WARN_UNDECLARED_SELECTOR = YES;
				GCC_WARN_UNINITIALIZED_AUTOS = YES_AGGRESSIVE;
				GCC_WARN_UNUSED_FUNCTION = YES;
				GCC_WARN_UNUSED_VARIABLE = YES;
				IPHONEOS_DEPLOYMENT_TARGET = 7.1;
				SDKROOT = iphoneos;
				VALIDATE_PRODUCT = YES;
			};
			name = Release;
		};
		114B0C97191B5B2B00155104 /* Debug */ = {
			isa = XCBuildConfiguration;
			baseConfigurationReference = 946280C1CD374CBFAA5B7565 /* Pods.xcconfig */;
			buildSettings = {
				ASSETCATALOG_COMPILER_APPICON_NAME = AppIcon;
				ASSETCATALOG_COMPILER_LAUNCHIMAGE_NAME = LaunchImage;
				GCC_PRECOMPILE_PREFIX_HEADER = YES;
				GCC_PREFIX_HEADER = "Caretaker Coordinator/Caregiver Coordinator-Prefix.pch";
				INFOPLIST_FILE = "Caretaker Coordinator/Caregiver Coordinator-Info.plist";
				PRODUCT_NAME = "Caregiver Coordinator";
				WRAPPER_EXTENSION = app;
			};
			name = Debug;
		};
		114B0C98191B5B2B00155104 /* Release */ = {
			isa = XCBuildConfiguration;
			baseConfigurationReference = 946280C1CD374CBFAA5B7565 /* Pods.xcconfig */;
			buildSettings = {
				ASSETCATALOG_COMPILER_APPICON_NAME = AppIcon;
				ASSETCATALOG_COMPILER_LAUNCHIMAGE_NAME = LaunchImage;
				GCC_PRECOMPILE_PREFIX_HEADER = YES;
				GCC_PREFIX_HEADER = "Caretaker Coordinator/Caregiver Coordinator-Prefix.pch";
				INFOPLIST_FILE = "Caretaker Coordinator/Caregiver Coordinator-Info.plist";
				PRODUCT_NAME = "Caregiver Coordinator";
				WRAPPER_EXTENSION = app;
			};
			name = Release;
		};
		114B0C9A191B5B2B00155104 /* Debug */ = {
			isa = XCBuildConfiguration;
			buildSettings = {
				BUNDLE_LOADER = "$(BUILT_PRODUCTS_DIR)/Caretaker Coordinator.app/Caretaker Coordinator";
				FRAMEWORK_SEARCH_PATHS = (
					"$(SDKROOT)/Developer/Library/Frameworks",
					"$(inherited)",
					"$(DEVELOPER_FRAMEWORKS_DIR)",
				);
				GCC_PRECOMPILE_PREFIX_HEADER = YES;
				GCC_PREFIX_HEADER = "Caretaker Coordinator/Caretaker Coordinator-Prefix.pch";
				GCC_PREPROCESSOR_DEFINITIONS = (
					"DEBUG=1",
					"$(inherited)",
				);
				INFOPLIST_FILE = "Caretaker CoordinatorTests/Caregiver CoordinatorTests-Info.plist";
				PRODUCT_NAME = "Caregiver CoordinatorTests";
				TEST_HOST = "$(BUNDLE_LOADER)";
				WRAPPER_EXTENSION = xctest;
			};
			name = Debug;
		};
		114B0C9B191B5B2B00155104 /* Release */ = {
			isa = XCBuildConfiguration;
			buildSettings = {
				BUNDLE_LOADER = "$(BUILT_PRODUCTS_DIR)/Caretaker Coordinator.app/Caretaker Coordinator";
				FRAMEWORK_SEARCH_PATHS = (
					"$(SDKROOT)/Developer/Library/Frameworks",
					"$(inherited)",
					"$(DEVELOPER_FRAMEWORKS_DIR)",
				);
				GCC_PRECOMPILE_PREFIX_HEADER = YES;
				GCC_PREFIX_HEADER = "Caretaker Coordinator/Caretaker Coordinator-Prefix.pch";
				INFOPLIST_FILE = "Caretaker CoordinatorTests/Caregiver CoordinatorTests-Info.plist";
				PRODUCT_NAME = "Caregiver CoordinatorTests";
				TEST_HOST = "$(BUNDLE_LOADER)";
				WRAPPER_EXTENSION = xctest;
			};
			name = Release;
		};
		11CF9B3D1925F06B00D5A222 /* Debug */ = {
			isa = XCBuildConfiguration;
			buildSettings = {
				PRODUCT_NAME = "$(TARGET_NAME)";
			};
			name = Debug;
		};
		11CF9B3E1925F06B00D5A222 /* Release */ = {
			isa = XCBuildConfiguration;
			buildSettings = {
				PRODUCT_NAME = "$(TARGET_NAME)";
			};
			name = Release;
		};
/* End XCBuildConfiguration section */

/* Begin XCConfigurationList section */
		114B0C5F191B5B2B00155104 /* Build configuration list for PBXProject "Caregiver Coordinator" */ = {
			isa = XCConfigurationList;
			buildConfigurations = (
				114B0C94191B5B2B00155104 /* Debug */,
				114B0C95191B5B2B00155104 /* Release */,
			);
			defaultConfigurationIsVisible = 0;
			defaultConfigurationName = Release;
		};
		114B0C96191B5B2B00155104 /* Build configuration list for PBXNativeTarget "Caregiver Coordinator" */ = {
			isa = XCConfigurationList;
			buildConfigurations = (
				114B0C97191B5B2B00155104 /* Debug */,
				114B0C98191B5B2B00155104 /* Release */,
			);
			defaultConfigurationIsVisible = 0;
			defaultConfigurationName = Release;
		};
		114B0C99191B5B2B00155104 /* Build configuration list for PBXNativeTarget "Caregiver CoordinatorTests" */ = {
			isa = XCConfigurationList;
			buildConfigurations = (
				114B0C9A191B5B2B00155104 /* Debug */,
				114B0C9B191B5B2B00155104 /* Release */,
			);
			defaultConfigurationIsVisible = 0;
			defaultConfigurationName = Release;
		};
		11CF9B3C1925F06B00D5A222 /* Build configuration list for PBXAggregateTarget "Mogenerator" */ = {
			isa = XCConfigurationList;
			buildConfigurations = (
				11CF9B3D1925F06B00D5A222 /* Debug */,
				11CF9B3E1925F06B00D5A222 /* Release */,
			);
			defaultConfigurationIsVisible = 0;
			defaultConfigurationName = Release;
		};
/* End XCConfigurationList section */

/* Begin XCVersionGroup section */
		114B0C7B191B5B2B00155104 /* Caretaker_Coordinator.xcdatamodeld */ = {
			isa = XCVersionGroup;
			children = (
				114B0C7C191B5B2B00155104 /* Caretaker_Coordinator.xcdatamodel */,
			);
			currentVersion = 114B0C7C191B5B2B00155104 /* Caretaker_Coordinator.xcdatamodel */;
			path = Caretaker_Coordinator.xcdatamodeld;
			sourceTree = "<group>";
			versionGroupType = wrapper.xcdatamodel;
		};
/* End XCVersionGroup section */
	};
	rootObject = 114B0C5C191B5B2B00155104 /* Project object */;
}
